{
  "sources": {
    "ktc-metering": {
      "path": "."
    },
    "ktc-database": {
      "locked_version": "0.1.0",
      "git": "git://github.com/cloudware-cookbooks/ktc-database.git",
      "ref": "17145e74a1c5dbaeea1cc21e444afc68e4092aeb"
    },
    "ktc-etcd": {
      "locked_version": "1.1.4",
      "git": "git://github.com/cloudware-cookbooks/ktc-etcd.git",
      "ref": "6daab4a5eee14842e818ba30cc6bc9c88d61fe32"
    },
    "ktc-identity": {
      "locked_version": "1.0.20",
      "git": "git://github.com/cloudware-cookbooks/ktc-identity.git",
      "ref": "ef714cd4444e7f0f738e8515cecf72c7eba6b5a4"
    },
    "ktc-image": {
      "locked_version": "0.2.0",
      "git": "git://github.com/cloudware-cookbooks/ktc-image.git",
      "ref": "06b634c8036681fccac1e44bd73a42b8bb0909d2"
    },
    "ktc-memcached": {
      "locked_version": "0.2.0",
      "git": "git://github.com/cloudware-cookbooks/ktc-memcached.git",
      "ref": "36215bdec517c70f4361487618691718f18e4c26"
    },
    "ktc-messaging": {
      "locked_version": "0.1.0",
      "git": "git://github.com/cloudware-cookbooks/ktc-messaging.git",
      "ref": "da3a2afd190dd82218ce924b9e110b969d7bf978"
    },
    "ktc-utils": {
      "locked_version": "0.3.2",
      "git": "git://github.com/cloudware-cookbooks/ktc-utils.git",
      "ref": "954203349653b3f26d0012e85d559a50d0279d82"
    },
    "memcached": {
      "locked_version": "1.5.1",
      "git": "git://github.com/opscode-cookbooks/memcached.git",
      "ref": "d527134987d4e53bb86bd2319b1f1cbf8171355a"
    },
    "openstack-block-storage": {
      "locked_version": "7.0.1",
      "git": "git://github.com/stackforge/cookbook-openstack-block-storage.git",
      "ref": "a5cff83f5c527ebb164f118e9312142738a15bee"
    },
    "openstack-common": {
      "locked_version": "0.4.3",
      "git": "git://github.com/stackforge/cookbook-openstack-common.git",
      "ref": "eb5eed7126b6a6efbaf803e8a594d610cf661e97"
    },
    "openstack-compute": {
      "locked_version": "7.0.0",
      "git": "git://github.com/stackforge/cookbook-openstack-compute.git",
      "ref": "2dd5a554dee644621551417906dec098c1f7f70f"
    },
    "openstack-dashboard": {
      "locked_version": "7.0.0",
      "git": "git://github.com/stackforge/cookbook-openstack-dashboard.git",
      "ref": "89009e26a415137b808140b59d6915f6e97b39e3"
    },
    "openstack-identity": {
      "locked_version": "7.0.0",
      "git": "git://github.com/stackforge/cookbook-openstack-identity.git",
      "ref": "b881af26095cfa869a6970067c49597a0ee63586"
    },
    "openstack-image": {
      "locked_version": "7.0.0",
      "git": "git://github.com/stackforge/cookbook-openstack-image.git",
      "ref": "722a973a09ef7c2d58ac010cd0659ca48a81c266"
    },
    "openstack-metering": {
      "locked_version": "7.0.3",
      "git": "git://github.com/stackforge/cookbook-openstack-metering.git",
      "ref": "069f59f2f870e97c58b8831b31803648f7582ad9"
    },
    "openstack-network": {
      "locked_version": "7.0.0",
      "git": "git://github.com/stackforge/cookbook-openstack-network.git",
      "ref": "45954b707295a1a1de0b5abc7fafd4d9bd8741c8"
    },
    "openstack-object-storage": {
      "locked_version": "1.1.0",
      "git": "git://github.com/stackforge/cookbook-openstack-object-storage.git",
      "ref": "54b7e7719af5edff343971d570bdfd2e8f162720"
    },
    "openstack-ops-database": {
      "locked_version": "7.0.0",
      "git": "git://github.com/stackforge/cookbook-openstack-ops-database.git",
      "ref": "cf8e48039bef2a6ff3a8215cd5a79d8193d6cefd"
    },
    "openstack-ops-messaging": {
      "locked_version": "7.0.0",
      "git": "git://github.com/stackforge/cookbook-openstack-ops-messaging.git",
      "ref": "d57a3c64e09cd5e5ce7bcbf0cb84c9bbf67cab9a"
    },
    "services": {
      "locked_version": "1.0.6",
      "git": "git://github.com/spheromak/services-cookbook.git",
      "ref": "6ce7c7f76081a5d4d742adee58a94acf94137cac"
    },
    "ktc-testing": {
      "locked_version": "0.0.1",
      "git": "git://github.com/cloudware-cookbooks/ktc-testing.git",
      "ref": "588954102fd7d0a1569fa17bf84dd9e5ddc1b3a7"
    },
    "ubuntu": {
      "locked_version": "1.1.2"
    },
    "etcd": {
      "locked_version": "1.2.4"
    },
    "ark": {
      "locked_version": "0.3.2"
    },
    "users": {
      "locked_version": "1.1.4"
    },
    "runit": {
      "locked_version": "1.2.0"
    },
    "build-essential": {
      "locked_version": "1.4.2"
    },
    "yum": {
      "locked_version": "2.3.2"
    },
    "apt": {
      "locked_version": "2.1.1"
    },
    "selinux": {
      "locked_version": "0.5.6"
    },
    "python": {
      "locked_version": "1.4.0"
    },
    "database": {
      "locked_version": "1.4.0"
    },
    "mysql": {
      "locked_version": "3.0.4"
    },
    "openssl": {
      "locked_version": "1.1.0"
    },
    "postgresql": {
      "locked_version": "3.0.4"
    },
    "aws": {
      "locked_version": "0.101.4"
    },
    "xfs": {
      "locked_version": "1.1.0"
    },
    "sysctl": {
      "locked_version": "0.3.3"
    },
    "apache2": {
      "locked_version": "1.7.0"
    },
    "statsd": {
      "locked_version": "0.0.1"
    },
    "git": {
      "locked_version": "2.6.0"
    },
    "dmg": {
      "locked_version": "2.0.0"
    },
    "windows": {
      "locked_version": "1.10.0"
    },
    "chef_handler": {
      "locked_version": "1.1.4"
    },
    "rabbitmq": {
      "locked_version": "2.3.0"
    },
    "erlang": {
      "locked_version": "1.3.2"
    }
  }
}
